
Microsoft Visual Studio Solution File, Format Version 12.00
# Visual Studio Version 17
VisualStudioVersion = 17.7.34031.279
MinimumVisualStudioVersion = 10.0.40219.1
Project("{FAE04EC0-301F-11D3-BF4B-00C04F79EFBC}") = "Student Grading application", "Student Grading application.csproj", "{34EE881A-DCE0-4820-A124-541386E5C1D0}"
EndProject
Global
	GlobalSection(SolutionConfigurationPlatforms) = preSolution
		Debug|Any CPU = Debug|Any CPU
		Release|Any CPU = Release|Any CPU
	EndGlobalSection
	GlobalSection(ProjectConfigurationPlatforms) = postSolution
		{34EE881A-DCE0-4820-A124-541386E5C1D0}.Debug|Any CPU.ActiveCfg = Debug|Any CPU
		{34EE881A-DCE0-4820-A124-541386E5C1D0}.Debug|Any CPU.Build.0 = Debug|Any CPU
		{34EE881A-DCE0-4820-A124-541386E5C1D0}.Release|Any CPU.ActiveCfg = Release|Any CPU
		{34EE881A-DCE0-4820-A124-541386E5C1D0}.Release|Any CPU.Build.0 = Release|Any CPU
	EndGlobalSection
	GlobalSection(SolutionProperties) = preSolution
		HideSolutionNode = FALSE
	EndGlobalSection
	GlobalSection(ExtensibilityGlobals) = postSolution
		SolutionGuid = {15BAA260-D5BC-48A9-AA8B-2A76CF1741B6}
	EndGlobalSection
EndGlobal
